
Microsoft Visual Studio Solution File, Format Version 11.00
# Visual Studio 2010
Project("{FAE04EC0-301F-11D3-BF4B-00C04F79EFBC}") = "Schema", "Schema.csproj", "{9054b1a5-af7f-8b1f-9368-7b8fde6e19b0}"
EndProject
Project("{FAE04EC0-301F-11D3-BF4B-00C04F79EFBC}") = "SchemaEditor", "SchemaEditor.csproj", "{68d4eea3-7d8b-610e-111e-dec82510ea5d}"
EndProject
Global
	GlobalSection(SolutionConfigurationPlatforms) = preSolution
		Debug|Any CPU = Debug|Any CPU
	EndGlobalSection
	GlobalSection(ProjectConfigurationPlatforms) = postSolution
		{9054b1a5-af7f-8b1f-9368-7b8fde6e19b0}.Debug|Any CPU.ActiveCfg = Debug|Any CPU
		{9054b1a5-af7f-8b1f-9368-7b8fde6e19b0}.Debug|Any CPU.Build.0 = Debug|Any CPU
		{68d4eea3-7d8b-610e-111e-dec82510ea5d}.Debug|Any CPU.ActiveCfg = Debug|Any CPU
		{68d4eea3-7d8b-610e-111e-dec82510ea5d}.Debug|Any CPU.Build.0 = Debug|Any CPU
	EndGlobalSection
	GlobalSection(SolutionProperties) = preSolution
		HideSolutionNode = FALSE
	EndGlobalSection
EndGlobal
